
Microsoft Visual Studio Solution File, Format Version 12.00
# Visual Studio 15
VisualStudioVersion = 15.0.28307.271
MinimumVisualStudioVersion = 10.0.40219.1
Project("{8BC9CEB8-8B4A-11D0-8D11-00A0C91BC942}") = "baekjoon", "baekjoon\baekjoon.vcxproj", "{C3381DF3-C971-4FE3-A7CA-B0354A4531C1}"
EndProject
Global
	GlobalSection(SolutionConfigurationPlatforms) = preSolution
		Debug|x64 = Debug|x64
		Debug|x86 = Debug|x86
		Release|x64 = Release|x64
		Release|x86 = Release|x86
	EndGlobalSection
	GlobalSection(ProjectConfigurationPlatforms) = postSolution
		{C3381DF3-C971-4FE3-A7CA-B0354A4531C1}.Debug|x64.ActiveCfg = Debug|x64
		{C3381DF3-C971-4FE3-A7CA-B0354A4531C1}.Debug|x64.Build.0 = Debug|x64
		{C3381DF3-C971-4FE3-A7CA-B0354A4531C1}.Debug|x86.ActiveCfg = Debug|Win32
		{C3381DF3-C971-4FE3-A7CA-B0354A4531C1}.Debug|x86.Build.0 = Debug|Win32
		{C3381DF3-C971-4FE3-A7CA-B0354A4531C1}.Release|x64.ActiveCfg = Release|x64
		{C3381DF3-C971-4FE3-A7CA-B0354A4531C1}.Release|x64.Build.0 = Release|x64
		{C3381DF3-C971-4FE3-A7CA-B0354A4531C1}.Release|x86.ActiveCfg = Release|Win32
		{C3381DF3-C971-4FE3-A7CA-B0354A4531C1}.Release|x86.Build.0 = Release|Win32
	EndGlobalSection
	GlobalSection(SolutionProperties) = preSolution
		HideSolutionNode = FALSE
	EndGlobalSection
	GlobalSection(ExtensibilityGlobals) = postSolution
		SolutionGuid = {543D0248-6540-425D-8EF8-E67CE1F28352}
	EndGlobalSection
EndGlobal
